
Microsoft Visual Studio Solution File, Format Version 12.00
# Visual Studio Version 17
VisualStudioVersion = 17.1.32407.343
MinimumVisualStudioVersion = 10.0.40219.1
Project("{9A19103F-16F7-4668-BE54-9A1E7A4F7556}") = "BlazorChatBox.Server", "BlazorChatBox\Server\BlazorChatBox.Server.csproj", "{E93C9B3E-9D5F-4DD6-9177-1F252A736B6B}"
EndProject
Project("{9A19103F-16F7-4668-BE54-9A1E7A4F7556}") = "BlazorChatBox.Client", "BlazorChatBox\Client\BlazorChatBox.Client.csproj", "{FA324347-DB38-4C3D-8ECE-F70A00D65752}"
EndProject
Project("{9A19103F-16F7-4668-BE54-9A1E7A4F7556}") = "BlazorChatBox.Shared", "BlazorChatBox\Shared\BlazorChatBox.Shared.csproj", "{2BAE6B6E-9857-4EA4-BB77-2720959AA066}"
EndProject
Global
	GlobalSection(SolutionConfigurationPlatforms) = preSolution
		Debug|Any CPU = Debug|Any CPU
		Release|Any CPU = Release|Any CPU
	EndGlobalSection
	GlobalSection(ProjectConfigurationPlatforms) = postSolution
		{E93C9B3E-9D5F-4DD6-9177-1F252A736B6B}.Debug|Any CPU.ActiveCfg = Debug|Any CPU
		{E93C9B3E-9D5F-4DD6-9177-1F252A736B6B}.Debug|Any CPU.Build.0 = Debug|Any CPU
		{E93C9B3E-9D5F-4DD6-9177-1F252A736B6B}.Release|Any CPU.ActiveCfg = Release|Any CPU
		{E93C9B3E-9D5F-4DD6-9177-1F252A736B6B}.Release|Any CPU.Build.0 = Release|Any CPU
		{FA324347-DB38-4C3D-8ECE-F70A00D65752}.Debug|Any CPU.ActiveCfg = Debug|Any CPU
		{FA324347-DB38-4C3D-8ECE-F70A00D65752}.Debug|Any CPU.Build.0 = Debug|Any CPU
		{FA324347-DB38-4C3D-8ECE-F70A00D65752}.Release|Any CPU.ActiveCfg = Release|Any CPU
		{FA324347-DB38-4C3D-8ECE-F70A00D65752}.Release|Any CPU.Build.0 = Release|Any CPU
		{2BAE6B6E-9857-4EA4-BB77-2720959AA066}.Debug|Any CPU.ActiveCfg = Debug|Any CPU
		{2BAE6B6E-9857-4EA4-BB77-2720959AA066}.Debug|Any CPU.Build.0 = Debug|Any CPU
		{2BAE6B6E-9857-4EA4-BB77-2720959AA066}.Release|Any CPU.ActiveCfg = Release|Any CPU
		{2BAE6B6E-9857-4EA4-BB77-2720959AA066}.Release|Any CPU.Build.0 = Release|Any CPU
	EndGlobalSection
	GlobalSection(SolutionProperties) = preSolution
		HideSolutionNode = FALSE
	EndGlobalSection
	GlobalSection(ExtensibilityGlobals) = postSolution
		SolutionGuid = {71B6644D-96B9-4FEA-AD23-9E4948FD792C}
	EndGlobalSection
EndGlobal
